
Microsoft Visual Studio Solution File, Format Version 12.00
# Visual Studio Version 17
VisualStudioVersion = 17.0.31903.59
MinimumVisualStudioVersion = 10.0.40219.1
Project("{FAE04EC0-301F-11D3-BF4B-00C04F79EFBC}") = "Tracker.Core", "Tracker.Core\Tracker.Core.csproj", "{9566ACC7-4CF5-4510-8F4B-1D7001B93FD0}"
EndProject
Project("{FAE04EC0-301F-11D3-BF4B-00C04F79EFBC}") = "Tracker.Data.JsonDb", "Tracker.Data.JsonDb\Tracker.Data.JsonDb.csproj", "{542D1525-5879-4D7B-84E3-D775F3AD544E}"
EndProject
Project("{FAE04EC0-301F-11D3-BF4B-00C04F79EFBC}") = "Tracker.Web", "Tracker.Web\Tracker.Web.csproj", "{62072FDE-66FE-486E-9715-33721C4DE687}"
EndProject
Global
	GlobalSection(SolutionConfigurationPlatforms) = preSolution
		Debug|Any CPU = Debug|Any CPU
		Release|Any CPU = Release|Any CPU
	EndGlobalSection
	GlobalSection(SolutionProperties) = preSolution
		HideSolutionNode = FALSE
	EndGlobalSection
	GlobalSection(ProjectConfigurationPlatforms) = postSolution
		{9566ACC7-4CF5-4510-8F4B-1D7001B93FD0}.Debug|Any CPU.ActiveCfg = Debug|Any CPU
		{9566ACC7-4CF5-4510-8F4B-1D7001B93FD0}.Debug|Any CPU.Build.0 = Debug|Any CPU
		{9566ACC7-4CF5-4510-8F4B-1D7001B93FD0}.Release|Any CPU.ActiveCfg = Release|Any CPU
		{9566ACC7-4CF5-4510-8F4B-1D7001B93FD0}.Release|Any CPU.Build.0 = Release|Any CPU
		{542D1525-5879-4D7B-84E3-D775F3AD544E}.Debug|Any CPU.ActiveCfg = Debug|Any CPU
		{542D1525-5879-4D7B-84E3-D775F3AD544E}.Debug|Any CPU.Build.0 = Debug|Any CPU
		{542D1525-5879-4D7B-84E3-D775F3AD544E}.Release|Any CPU.ActiveCfg = Release|Any CPU
		{542D1525-5879-4D7B-84E3-D775F3AD544E}.Release|Any CPU.Build.0 = Release|Any CPU
		{62072FDE-66FE-486E-9715-33721C4DE687}.Debug|Any CPU.ActiveCfg = Debug|Any CPU
		{62072FDE-66FE-486E-9715-33721C4DE687}.Debug|Any CPU.Build.0 = Debug|Any CPU
		{62072FDE-66FE-486E-9715-33721C4DE687}.Release|Any CPU.ActiveCfg = Release|Any CPU
		{62072FDE-66FE-486E-9715-33721C4DE687}.Release|Any CPU.Build.0 = Release|Any CPU
	EndGlobalSection
EndGlobal
